
Microsoft Visual Studio Solution File, Format Version 12.00
# Visual Studio 15
VisualStudioVersion = 15.0.27703.2026
MinimumVisualStudioVersion = 10.0.40219.1
Project("{FAE04EC0-301F-11D3-BF4B-00C04F79EFBC}") = "TwoFactorAuth", "TwoFactorAuth\TwoFactorAuth.csproj", "{682AD99D-5993-439E-BB5E-919B7E16A640}"
EndProject
Global
	GlobalSection(SolutionConfigurationPlatforms) = preSolution
		Debug|Any CPU = Debug|Any CPU
		Release|Any CPU = Release|Any CPU
	EndGlobalSection
	GlobalSection(ProjectConfigurationPlatforms) = postSolution
		{682AD99D-5993-439E-BB5E-919B7E16A640}.Debug|Any CPU.ActiveCfg = Debug|Any CPU
		{682AD99D-5993-439E-BB5E-919B7E16A640}.Debug|Any CPU.Build.0 = Debug|Any CPU
		{682AD99D-5993-439E-BB5E-919B7E16A640}.Release|Any CPU.ActiveCfg = Release|Any CPU
		{682AD99D-5993-439E-BB5E-919B7E16A640}.Release|Any CPU.Build.0 = Release|Any CPU
	EndGlobalSection
	GlobalSection(SolutionProperties) = preSolution
		HideSolutionNode = FALSE
	EndGlobalSection
	GlobalSection(ExtensibilityGlobals) = postSolution
		SolutionGuid = {4F150279-ACBA-4B22-ADEE-279A07982346}
	EndGlobalSection
EndGlobal
